
Microsoft Visual Studio Solution File, Format Version 12.00
# Visual Studio Version 17
VisualStudioVersion = 17.3.32929.385
MinimumVisualStudioVersion = 10.0.40219.1
Project("{8BC9CEB8-8B4A-11D0-8D11-00A0C91BC942}") = "UP-Konsultaciq", "UP-Konsultaciq\UP-Konsultaciq.vcxproj", "{A07E7986-F3ED-410C-B564-C9C16C7CFC51}"
EndProject
Global
	GlobalSection(SolutionConfigurationPlatforms) = preSolution
		Debug|x64 = Debug|x64
		Debug|x86 = Debug|x86
		Release|x64 = Release|x64
		Release|x86 = Release|x86
	EndGlobalSection
	GlobalSection(ProjectConfigurationPlatforms) = postSolution
		{A07E7986-F3ED-410C-B564-C9C16C7CFC51}.Debug|x64.ActiveCfg = Debug|x64
		{A07E7986-F3ED-410C-B564-C9C16C7CFC51}.Debug|x64.Build.0 = Debug|x64
		{A07E7986-F3ED-410C-B564-C9C16C7CFC51}.Debug|x86.ActiveCfg = Debug|Win32
		{A07E7986-F3ED-410C-B564-C9C16C7CFC51}.Debug|x86.Build.0 = Debug|Win32
		{A07E7986-F3ED-410C-B564-C9C16C7CFC51}.Release|x64.ActiveCfg = Release|x64
		{A07E7986-F3ED-410C-B564-C9C16C7CFC51}.Release|x64.Build.0 = Release|x64
		{A07E7986-F3ED-410C-B564-C9C16C7CFC51}.Release|x86.ActiveCfg = Release|Win32
		{A07E7986-F3ED-410C-B564-C9C16C7CFC51}.Release|x86.Build.0 = Release|Win32
	EndGlobalSection
	GlobalSection(SolutionProperties) = preSolution
		HideSolutionNode = FALSE
	EndGlobalSection
	GlobalSection(ExtensibilityGlobals) = postSolution
		SolutionGuid = {FCBD9C8A-154C-4DCF-BBA6-0822AD3E7F26}
	EndGlobalSection
EndGlobal
